
Microsoft Visual Studio Solution File, Format Version 12.00
# Visual Studio 15
VisualStudioVersion = 15.0.27703.2042
MinimumVisualStudioVersion = 10.0.40219.1
Project("{FAE04EC0-301F-11D3-BF4B-00C04F79EFBC}") = "SupermercadoZlu", "SupermercadoZlu\SupermercadoZlu.csproj", "{8C0D8257-19E4-43C9-98C6-572638789C15}"
EndProject
Global
	GlobalSection(SolutionConfigurationPlatforms) = preSolution
		Debug|Any CPU = Debug|Any CPU
		Release|Any CPU = Release|Any CPU
	EndGlobalSection
	GlobalSection(ProjectConfigurationPlatforms) = postSolution
		{8C0D8257-19E4-43C9-98C6-572638789C15}.Debug|Any CPU.ActiveCfg = Debug|Any CPU
		{8C0D8257-19E4-43C9-98C6-572638789C15}.Debug|Any CPU.Build.0 = Debug|Any CPU
		{8C0D8257-19E4-43C9-98C6-572638789C15}.Release|Any CPU.ActiveCfg = Release|Any CPU
		{8C0D8257-19E4-43C9-98C6-572638789C15}.Release|Any CPU.Build.0 = Release|Any CPU
	EndGlobalSection
	GlobalSection(SolutionProperties) = preSolution
		HideSolutionNode = FALSE
	EndGlobalSection
	GlobalSection(ExtensibilityGlobals) = postSolution
		SolutionGuid = {C2DD3480-DE1F-41A0-A89B-5A5CC6AB5C8D}
	EndGlobalSection
EndGlobal
