
Microsoft Visual Studio Solution File, Format Version 12.00
# Visual Studio 2012
Project("{FAE04EC0-301F-11D3-BF4B-00C04F79EFBC}") = "appPractica1", "appPractica1\appPractica1.csproj", "{DF228424-1F66-4A90-BF2D-692C08A42421}"
EndProject
Global
	GlobalSection(SolutionConfigurationPlatforms) = preSolution
		Debug|Any CPU = Debug|Any CPU
		Release|Any CPU = Release|Any CPU
	EndGlobalSection
	GlobalSection(ProjectConfigurationPlatforms) = postSolution
		{DF228424-1F66-4A90-BF2D-692C08A42421}.Debug|Any CPU.ActiveCfg = Debug|Any CPU
		{DF228424-1F66-4A90-BF2D-692C08A42421}.Debug|Any CPU.Build.0 = Debug|Any CPU
		{DF228424-1F66-4A90-BF2D-692C08A42421}.Release|Any CPU.ActiveCfg = Release|Any CPU
		{DF228424-1F66-4A90-BF2D-692C08A42421}.Release|Any CPU.Build.0 = Release|Any CPU
	EndGlobalSection
	GlobalSection(SolutionProperties) = preSolution
		HideSolutionNode = FALSE
	EndGlobalSection
EndGlobal
