
Microsoft Visual Studio Solution File, Format Version 12.00
# Visual Studio 2012
Project("{FAE04EC0-301F-11D3-BF4B-00C04F79EFBC}") = "libImprentaRN", "libImprentaRN\libImprentaRN.csproj", "{EBE88D4C-80AA-48E3-B2D3-5DBE4FB746AE}"
EndProject
Global
	GlobalSection(SolutionConfigurationPlatforms) = preSolution
		Debug|Any CPU = Debug|Any CPU
		Release|Any CPU = Release|Any CPU
	EndGlobalSection
	GlobalSection(ProjectConfigurationPlatforms) = postSolution
		{EBE88D4C-80AA-48E3-B2D3-5DBE4FB746AE}.Debug|Any CPU.ActiveCfg = Debug|Any CPU
		{EBE88D4C-80AA-48E3-B2D3-5DBE4FB746AE}.Debug|Any CPU.Build.0 = Debug|Any CPU
		{EBE88D4C-80AA-48E3-B2D3-5DBE4FB746AE}.Release|Any CPU.ActiveCfg = Release|Any CPU
		{EBE88D4C-80AA-48E3-B2D3-5DBE4FB746AE}.Release|Any CPU.Build.0 = Release|Any CPU
	EndGlobalSection
	GlobalSection(SolutionProperties) = preSolution
		HideSolutionNode = FALSE
	EndGlobalSection
EndGlobal
