
Microsoft Visual Studio Solution File, Format Version 12.00
# Visual Studio 2012
Project("{FAE04EC0-301F-11D3-BF4B-00C04F79EFBC}") = "LibFiguras", "LibFiguras\LibFiguras.csproj", "{884EE5EF-273C-488B-95D6-594742B0F08B}"
EndProject
Global
	GlobalSection(SolutionConfigurationPlatforms) = preSolution
		Debug|Any CPU = Debug|Any CPU
		Release|Any CPU = Release|Any CPU
	EndGlobalSection
	GlobalSection(ProjectConfigurationPlatforms) = postSolution
		{884EE5EF-273C-488B-95D6-594742B0F08B}.Debug|Any CPU.ActiveCfg = Debug|Any CPU
		{884EE5EF-273C-488B-95D6-594742B0F08B}.Debug|Any CPU.Build.0 = Debug|Any CPU
		{884EE5EF-273C-488B-95D6-594742B0F08B}.Release|Any CPU.ActiveCfg = Release|Any CPU
		{884EE5EF-273C-488B-95D6-594742B0F08B}.Release|Any CPU.Build.0 = Release|Any CPU
	EndGlobalSection
	GlobalSection(SolutionProperties) = preSolution
		HideSolutionNode = FALSE
	EndGlobalSection
EndGlobal
