
Microsoft Visual Studio Solution File, Format Version 12.00
# Visual Studio 15
VisualStudioVersion = 15.0.27703.2042
MinimumVisualStudioVersion = 10.0.40219.1
Project("{FAE04EC0-301F-11D3-BF4B-00C04F79EFBC}") = "DemoHerencia", "DemoHerencia\DemoHerencia.csproj", "{3C48E2E5-952C-4172-8312-7AAFDC7F32FF}"
EndProject
Global
	GlobalSection(SolutionConfigurationPlatforms) = preSolution
		Debug|Any CPU = Debug|Any CPU
		Release|Any CPU = Release|Any CPU
	EndGlobalSection
	GlobalSection(ProjectConfigurationPlatforms) = postSolution
		{3C48E2E5-952C-4172-8312-7AAFDC7F32FF}.Debug|Any CPU.ActiveCfg = Debug|Any CPU
		{3C48E2E5-952C-4172-8312-7AAFDC7F32FF}.Debug|Any CPU.Build.0 = Debug|Any CPU
		{3C48E2E5-952C-4172-8312-7AAFDC7F32FF}.Release|Any CPU.ActiveCfg = Release|Any CPU
		{3C48E2E5-952C-4172-8312-7AAFDC7F32FF}.Release|Any CPU.Build.0 = Release|Any CPU
	EndGlobalSection
	GlobalSection(SolutionProperties) = preSolution
		HideSolutionNode = FALSE
	EndGlobalSection
	GlobalSection(ExtensibilityGlobals) = postSolution
		SolutionGuid = {37D0EDA7-4DDD-4E0D-A72F-B12E752BB631}
	EndGlobalSection
EndGlobal
