
Microsoft Visual Studio Solution File, Format Version 12.00
# Visual Studio 14
VisualStudioVersion = 14.0.23107.0
MinimumVisualStudioVersion = 10.0.40219.1
Project("{FAE04EC0-301F-11D3-BF4B-00C04F79EFBC}") = "libComunes", "libComunes\libComunes.csproj", "{C131E1E1-4D6A-4858-9395-D548D3285632}"
EndProject
Global
	GlobalSection(SolutionConfigurationPlatforms) = preSolution
		Debug|Any CPU = Debug|Any CPU
		Release|Any CPU = Release|Any CPU
	EndGlobalSection
	GlobalSection(ProjectConfigurationPlatforms) = postSolution
		{C131E1E1-4D6A-4858-9395-D548D3285632}.Debug|Any CPU.ActiveCfg = Debug|Any CPU
		{C131E1E1-4D6A-4858-9395-D548D3285632}.Debug|Any CPU.Build.0 = Debug|Any CPU
		{C131E1E1-4D6A-4858-9395-D548D3285632}.Release|Any CPU.ActiveCfg = Release|Any CPU
		{C131E1E1-4D6A-4858-9395-D548D3285632}.Release|Any CPU.Build.0 = Release|Any CPU
	EndGlobalSection
	GlobalSection(SolutionProperties) = preSolution
		HideSolutionNode = FALSE
	EndGlobalSection
EndGlobal
