
Microsoft Visual Studio Solution File, Format Version 12.00
# Visual Studio 15
VisualStudioVersion = 15.0.27703.2042
MinimumVisualStudioVersion = 10.0.40219.1
Project("{FAE04EC0-301F-11D3-BF4B-00C04F79EFBC}") = "ForEach", "ForEach\ForEach.csproj", "{32589B9E-B85B-4A3A-B8DC-6C8488FE344E}"
EndProject
Global
	GlobalSection(SolutionConfigurationPlatforms) = preSolution
		Debug|Any CPU = Debug|Any CPU
		Release|Any CPU = Release|Any CPU
	EndGlobalSection
	GlobalSection(ProjectConfigurationPlatforms) = postSolution
		{32589B9E-B85B-4A3A-B8DC-6C8488FE344E}.Debug|Any CPU.ActiveCfg = Debug|Any CPU
		{32589B9E-B85B-4A3A-B8DC-6C8488FE344E}.Debug|Any CPU.Build.0 = Debug|Any CPU
		{32589B9E-B85B-4A3A-B8DC-6C8488FE344E}.Release|Any CPU.ActiveCfg = Release|Any CPU
		{32589B9E-B85B-4A3A-B8DC-6C8488FE344E}.Release|Any CPU.Build.0 = Release|Any CPU
	EndGlobalSection
	GlobalSection(SolutionProperties) = preSolution
		HideSolutionNode = FALSE
	EndGlobalSection
	GlobalSection(ExtensibilityGlobals) = postSolution
		SolutionGuid = {116C8639-181F-4B27-983E-ED5AF4A87576}
	EndGlobalSection
EndGlobal
